
Microsoft Visual Studio Solution File, Format Version 12.00
# Visual Studio Version 17
VisualStudioVersion = 17.10.35122.118
MinimumVisualStudioVersion = 10.0.40219.1
Project("{FAE04EC0-301F-11D3-BF4B-00C04F79EFBC}") = "MicroFinance", "MicroFinance\MicroFinance.csproj", "{9879A99D-7CB2-411B-9CA7-BB70F9049A95}"
EndProject
Global
	GlobalSection(SolutionConfigurationPlatforms) = preSolution
		Debug|Any CPU = Debug|Any CPU
		Release|Any CPU = Release|Any CPU
	EndGlobalSection
	GlobalSection(ProjectConfigurationPlatforms) = postSolution
		{9879A99D-7CB2-411B-9CA7-BB70F9049A95}.Debug|Any CPU.ActiveCfg = Debug|Any CPU
		{9879A99D-7CB2-411B-9CA7-BB70F9049A95}.Debug|Any CPU.Build.0 = Debug|Any CPU
		{9879A99D-7CB2-411B-9CA7-BB70F9049A95}.Release|Any CPU.ActiveCfg = Release|Any CPU
		{9879A99D-7CB2-411B-9CA7-BB70F9049A95}.Release|Any CPU.Build.0 = Release|Any CPU
	EndGlobalSection
	GlobalSection(SolutionProperties) = preSolution
		HideSolutionNode = FALSE
	EndGlobalSection
	GlobalSection(ExtensibilityGlobals) = postSolution
		SolutionGuid = {5E2F5896-9078-4C92-A871-4CE8302ADD54}
	EndGlobalSection
EndGlobal
